// !$*UTF8*$!
{
	archiveVersion = 1;
	classes = {
	};
	objectVersion = 48;
	objects = {

/* Begin PBXBuildFile section */
		8E47598B1FD160D0003473F5 /* AppDelegate.swift in Sources */ = {isa = PBXBuildFile; fileRef = 8E47598A1FD160D0003473F5 /* AppDelegate.swift */; };
		8E47598D1FD160D0003473F5 /* ViewController(mac).swift in Sources */ = {isa = PBXBuildFile; fileRef = 8E47598C1FD160D0003473F5 /* ViewController(mac).swift */; };
		8E47598F1FD160D0003473F5 /* Assets.xcassets in Resources */ = {isa = PBXBuildFile; fileRef = 8E47598E1FD160D0003473F5 /* Assets.xcassets */; };
		8E4759921FD160D0003473F5 /* Main.storyboard in Resources */ = {isa = PBXBuildFile; fileRef = 8E4759901FD160D0003473F5 /* Main.storyboard */; };
		8E4759B71FD16101003473F5 /* GraphNodeView.swift in Sources */ = {isa = PBXBuildFile; fileRef = 8E4759B61FD16101003473F5 /* GraphNodeView.swift */; };
		F60AC51E1FD18C3E008793E2 /* AppDelegate.swift in Sources */ = {isa = PBXBuildFile; fileRef = F60AC51D1FD18C3E008793E2 /* AppDelegate.swift */; };
		F60AC5201FD18C3E008793E2 /* ViewController(iOS).swift in Sources */ = {isa = PBXBuildFile; fileRef = F60AC51F1FD18C3E008793E2 /* ViewController(iOS).swift */; };
		F60AC5231FD18C3E008793E2 /* Main.storyboard in Resources */ = {isa = PBXBuildFile; fileRef = F60AC5211FD18C3E008793E2 /* Main.storyboard */; };
		F60AC5251FD18C3E008793E2 /* Assets.xcassets in Resources */ = {isa = PBXBuildFile; fileRef = F60AC5241FD18C3E008793E2 /* Assets.xcassets */; };
		F60AC5281FD18C3E008793E2 /* LaunchScreen.storyboard in Resources */ = {isa = PBXBuildFile; fileRef = F60AC5261FD18C3E008793E2 /* LaunchScreen.storyboard */; };
		F60AC54A1FD18CAB008793E2 /* GraphNodeView.swift in Sources */ = {isa = PBXBuildFile; fileRef = 8E4759B61FD16101003473F5 /* GraphNodeView.swift */; };
		F6509BF41FD591C1006FD9B3 /* RandomUtils.swift in Sources */ = {isa = PBXBuildFile; fileRef = F6509BF31FD591C1006FD9B3 /* RandomUtils.swift */; };
/* End PBXBuildFile section */

/* Begin PBXFileReference section */
		8E4759871FD160D0003473F5 /* GraphNodeView(mac).app */ = {isa = PBXFileReference; explicitFileType = wrapper.application; includeInIndex = 0; path = "GraphNodeView(mac).app"; sourceTree = BUILT_PRODUCTS_DIR; };
		8E47598A1FD160D0003473F5 /* AppDelegate.swift */ = {isa = PBXFileReference; lastKnownFileType = sourcecode.swift; path = AppDelegate.swift; sourceTree = "<group>"; };
		8E47598C1FD160D0003473F5 /* ViewController(mac).swift */ = {isa = PBXFileReference; lastKnownFileType = sourcecode.swift; path = "ViewController(mac).swift"; sourceTree = "<group>"; };
		8E47598E1FD160D0003473F5 /* Assets.xcassets */ = {isa = PBXFileReference; lastKnownFileType = folder.assetcatalog; path = Assets.xcassets; sourceTree = "<group>"; };
		8E4759911FD160D0003473F5 /* Base */ = {isa = PBXFileReference; lastKnownFileType = file.storyboard; name = Base; path = Base.lproj/Main.storyboard; sourceTree = "<group>"; };
		8E4759931FD160D0003473F5 /* Info.plist */ = {isa = PBXFileReference; lastKnownFileType = text.plist.xml; path = Info.plist; sourceTree = "<group>"; };
		8E4759941FD160D0003473F5 /* GraphNodeView.entitlements */ = {isa = PBXFileReference; lastKnownFileType = text.plist.entitlements; path = GraphNodeView.entitlements; sourceTree = "<group>"; };
		8E4759B61FD16101003473F5 /* GraphNodeView.swift */ = {isa = PBXFileReference; lastKnownFileType = sourcecode.swift; path = GraphNodeView.swift; sourceTree = "<group>"; usesTabs = 1; };
		F60AC51B1FD18C3E008793E2 /* GraphNodeView(iOS).app */ = {isa = PBXFileReference; explicitFileType = wrapper.application; includeInIndex = 0; path = "GraphNodeView(iOS).app"; sourceTree = BUILT_PRODUCTS_DIR; };
		F60AC51D1FD18C3E008793E2 /* AppDelegate.swift */ = {isa = PBXFileReference; lastKnownFileType = sourcecode.swift; path = AppDelegate.swift; sourceTree = "<group>"; };
		F60AC51F1FD18C3E008793E2 /* ViewController(iOS).swift */ = {isa = PBXFileReference; lastKnownFileType = sourcecode.swift; path = "ViewController(iOS).swift"; sourceTree = "<group>"; };
		F60AC5221FD18C3E008793E2 /* Base */ = {isa = PBXFileReference; lastKnownFileType = file.storyboard; name = Base; path = Base.lproj/Main.storyboard; sourceTree = "<group>"; };
		F60AC5241FD18C3E008793E2 /* Assets.xcassets */ = {isa = PBXFileReference; lastKnownFileType = folder.assetcatalog; path = Assets.xcassets; sourceTree = "<group>"; };
		F60AC5271FD18C3E008793E2 /* Base */ = {isa = PBXFileReference; lastKnownFileType = file.storyboard; name = Base; path = Base.lproj/LaunchScreen.storyboard; sourceTree = "<group>"; };
		F60AC5291FD18C3E008793E2 /* Info.plist */ = {isa = PBXFileReference; lastKnownFileType = text.plist.xml; path = Info.plist; sourceTree = "<group>"; };
		F6509BF31FD591C1006FD9B3 /* RandomUtils.swift */ = {isa = PBXFileReference; lastKnownFileType = sourcecode.swift; path = RandomUtils.swift; sourceTree = "<group>"; };
/* End PBXFileReference section */

/* Begin PBXFrameworksBuildPhase section */
		8E4759841FD160D0003473F5 /* Frameworks */ = {
			isa = PBXFrameworksBuildPhase;
			buildActionMask = 2147483647;
			files = (
			);
			runOnlyForDeploymentPostprocessing = 0;
		};
		F60AC5181FD18C3E008793E2 /* Frameworks */ = {
			isa = PBXFrameworksBuildPhase;
			buildActionMask = 2147483647;
			files = (
			);
			runOnlyForDeploymentPostprocessing = 0;
		};
/* End PBXFrameworksBuildPhase section */

/* Begin PBXGroup section */
		8E47597E1FD160D0003473F5 = {
			isa = PBXGroup;
			children = (
				F60AC5491FD18C4D008793E2 /* GraphNodeViewCommun */,
				8E4759891FD160D0003473F5 /* GraphNodeView(mac) */,
				F60AC51C1FD18C3E008793E2 /* GraphNodeView(iOS) */,
				8E4759881FD160D0003473F5 /* Products */,
			);
			sourceTree = "<group>";
		};
		8E4759881FD160D0003473F5 /* Products */ = {
			isa = PBXGroup;
			children = (
				8E4759871FD160D0003473F5 /* GraphNodeView(mac).app */,
				F60AC51B1FD18C3E008793E2 /* GraphNodeView(iOS).app */,
			);
			name = Products;
			sourceTree = "<group>";
		};
		8E4759891FD160D0003473F5 /* GraphNodeView(mac) */ = {
			isa = PBXGroup;
			children = (
				8E47598A1FD160D0003473F5 /* AppDelegate.swift */,
				F6509BF31FD591C1006FD9B3 /* RandomUtils.swift */,
				8E47598C1FD160D0003473F5 /* ViewController(mac).swift */,
				8E47598E1FD160D0003473F5 /* Assets.xcassets */,
				8E4759901FD160D0003473F5 /* Main.storyboard */,
				8E4759931FD160D0003473F5 /* Info.plist */,
				8E4759941FD160D0003473F5 /* GraphNodeView.entitlements */,
			);
			path = "GraphNodeView(mac)";
			sourceTree = "<group>";
		};
		F60AC51C1FD18C3E008793E2 /* GraphNodeView(iOS) */ = {
			isa = PBXGroup;
			children = (
				F60AC51D1FD18C3E008793E2 /* AppDelegate.swift */,
				F60AC51F1FD18C3E008793E2 /* ViewController(iOS).swift */,
				F60AC5211FD18C3E008793E2 /* Main.storyboard */,
				F60AC5241FD18C3E008793E2 /* Assets.xcassets */,
				F60AC5261FD18C3E008793E2 /* LaunchScreen.storyboard */,
				F60AC5291FD18C3E008793E2 /* Info.plist */,
			);
			path = "GraphNodeView(iOS)";
			sourceTree = "<group>";
		};
		F60AC5491FD18C4D008793E2 /* GraphNodeViewCommun */ = {
			isa = PBXGroup;
			children = (
				8E4759B61FD16101003473F5 /* GraphNodeView.swift */,
			);
			path = GraphNodeViewCommun;
			sourceTree = "<group>";
		};
/* End PBXGroup section */

/* Begin PBXNativeTarget section */
		8E4759861FD160D0003473F5 /* GraphNodeView(mac) */ = {
			isa = PBXNativeTarget;
			buildConfigurationList = 8E4759AD1FD160D0003473F5 /* Build configuration list for PBXNativeTarget "GraphNodeView(mac)" */;
			buildPhases = (
				8E4759831FD160D0003473F5 /* Sources */,
				8E4759841FD160D0003473F5 /* Frameworks */,
				8E4759851FD160D0003473F5 /* Resources */,
			);
			buildRules = (
			);
			dependencies = (
			);
			name = "GraphNodeView(mac)";
			productName = GraphNodeView;
			productReference = 8E4759871FD160D0003473F5 /* GraphNodeView(mac).app */;
			productType = "com.apple.product-type.application";
		};
		F60AC51A1FD18C3E008793E2 /* GraphNodeView(iOS) */ = {
			isa = PBXNativeTarget;
			buildConfigurationList = F60AC5401FD18C3E008793E2 /* Build configuration list for PBXNativeTarget "GraphNodeView(iOS)" */;
			buildPhases = (
				F60AC5171FD18C3E008793E2 /* Sources */,
				F60AC5181FD18C3E008793E2 /* Frameworks */,
				F60AC5191FD18C3E008793E2 /* Resources */,
			);
			buildRules = (
			);
			dependencies = (
			);
			name = "GraphNodeView(iOS)";
			productName = "GraphNodeView(iOS)";
			productReference = F60AC51B1FD18C3E008793E2 /* GraphNodeView(iOS).app */;
			productType = "com.apple.product-type.application";
		};
/* End PBXNativeTarget section */

/* Begin PBXProject section */
		8E47597F1FD160D0003473F5 /* Project object */ = {
			isa = PBXProject;
			attributes = {
				LastSwiftUpdateCheck = 0910;
				LastUpgradeCheck = 0910;
				ORGANIZATIONNAME = "Arthur Masson";
				TargetAttributes = {
					8E4759861FD160D0003473F5 = {
						CreatedOnToolsVersion = 9.1;
						ProvisioningStyle = Automatic;
					};
					F60AC51A1FD18C3E008793E2 = {
						CreatedOnToolsVersion = 9.1;
						ProvisioningStyle = Automatic;
					};
				};
			};
			buildConfigurationList = 8E4759821FD160D0003473F5 /* Build configuration list for PBXProject "GraphNodeView" */;
			compatibilityVersion = "Xcode 8.0";
			developmentRegion = en;
			hasScannedForEncodings = 0;
			knownRegions = (
				en,
				Base,
			);
			mainGroup = 8E47597E1FD160D0003473F5;
			productRefGroup = 8E4759881FD160D0003473F5 /* Products */;
			projectDirPath = "";
			projectRoot = "";
			targets = (
				8E4759861FD160D0003473F5 /* GraphNodeView(mac) */,
				F60AC51A1FD18C3E008793E2 /* GraphNodeView(iOS) */,
			);
		};
/* End PBXProject section */

/* Begin PBXResourcesBuildPhase section */
		8E4759851FD160D0003473F5 /* Resources */ = {
			isa = PBXResourcesBuildPhase;
			buildActionMask = 2147483647;
			files = (
				8E47598F1FD160D0003473F5 /* Assets.xcassets in Resources */,
				8E4759921FD160D0003473F5 /* Main.storyboard in Resources */,
			);
			runOnlyForDeploymentPostprocessing = 0;
		};
		F60AC5191FD18C3E008793E2 /* Resources */ = {
			isa = PBXResourcesBuildPhase;
			buildActionMask = 2147483647;
			files = (
				F60AC5281FD18C3E008793E2 /* LaunchScreen.storyboard in Resources */,
				F60AC5251FD18C3E008793E2 /* Assets.xcassets in Resources */,
				F60AC5231FD18C3E008793E2 /* Main.storyboard in Resources */,
			);
			runOnlyForDeploymentPostprocessing = 0;
		};
/* End PBXResourcesBuildPhase section */

/* Begin PBXSourcesBuildPhase section */
		8E4759831FD160D0003473F5 /* Sources */ = {
			isa = PBXSourcesBuildPhase;
			buildActionMask = 2147483647;
			files = (
				8E47598D1FD160D0003473F5 /* ViewController(mac).swift in Sources */,
				8E4759B71FD16101003473F5 /* GraphNodeView.swift in Sources */,
				F6509BF41FD591C1006FD9B3 /* RandomUtils.swift in Sources */,
				8E47598B1FD160D0003473F5 /* AppDelegate.swift in Sources */,
			);
			runOnlyForDeploymentPostprocessing = 0;
		};
		F60AC5171FD18C3E008793E2 /* Sources */ = {
			isa = PBXSourcesBuildPhase;
			buildActionMask = 2147483647;
			files = (
				F60AC5201FD18C3E008793E2 /* ViewController(iOS).swift in Sources */,
				F60AC54A1FD18CAB008793E2 /* GraphNodeView.swift in Sources */,
				F60AC51E1FD18C3E008793E2 /* AppDelegate.swift in Sources */,
			);
			runOnlyForDeploymentPostprocessing = 0;
		};
/* End PBXSourcesBuildPhase section */

/* Begin PBXVariantGroup section */
		8E4759901FD160D0003473F5 /* Main.storyboard */ = {
			isa = PBXVariantGroup;
			children = (
				8E4759911FD160D0003473F5 /* Base */,
			);
			name = Main.storyboard;
			sourceTree = "<group>";
		};
		F60AC5211FD18C3E008793E2 /* Main.storyboard */ = {
			isa = PBXVariantGroup;
			children = (
				F60AC5221FD18C3E008793E2 /* Base */,
			);
			name = Main.storyboard;
			sourceTree = "<group>";
		};
		F60AC5261FD18C3E008793E2 /* LaunchScreen.storyboard */ = {
			isa = PBXVariantGroup;
			children = (
				F60AC5271FD18C3E008793E2 /* Base */,
			);
			name = LaunchScreen.storyboard;
			sourceTree = "<group>";
		};
/* End PBXVariantGroup section */

/* Begin XCBuildConfiguration section */
		8E4759AB1FD160D0003473F5 /* Debug */ = {
			isa = XCBuildConfiguration;
			buildSettings = {
				ALWAYS_SEARCH_USER_PATHS = NO;
				CLANG_ANALYZER_NONNULL = YES;
				CLANG_ANALYZER_NUMBER_OBJECT_CONVERSION = YES_AGGRESSIVE;
				CLANG_CXX_LANGUAGE_STANDARD = "gnu++14";
				CLANG_CXX_LIBRARY = "libc++";
				CLANG_ENABLE_MODULES = YES;
				CLANG_ENABLE_OBJC_ARC = YES;
				CLANG_WARN_BLOCK_CAPTURE_AUTORELEASING = YES;
				CLANG_WARN_BOOL_CONVERSION = YES;
				CLANG_WARN_COMMA = YES;
				CLANG_WARN_CONSTANT_CONVERSION = YES;
				CLANG_WARN_DIRECT_OBJC_ISA_USAGE = YES_ERROR;
				CLANG_WARN_DOCUMENTATION_COMMENTS = YES;
				CLANG_WARN_EMPTY_BODY = YES;
				CLANG_WARN_ENUM_CONVERSION = YES;
				CLANG_WARN_INFINITE_RECURSION = YES;
				CLANG_WARN_INT_CONVERSION = YES;
				CLANG_WARN_NON_LITERAL_NULL_CONVERSION = YES;
				CLANG_WARN_OBJC_LITERAL_CONVERSION = YES;
				CLANG_WARN_OBJC_ROOT_CLASS = YES_ERROR;
				CLANG_WARN_RANGE_LOOP_ANALYSIS = YES;
				CLANG_WARN_STRICT_PROTOTYPES = YES;
				CLANG_WARN_SUSPICIOUS_MOVE = YES;
				CLANG_WARN_UNGUARDED_AVAILABILITY = YES_AGGRESSIVE;
				CLANG_WARN_UNREACHABLE_CODE = YES;
				CLANG_WARN__DUPLICATE_METHOD_MATCH = YES;
				CODE_SIGN_IDENTITY = "Mac Developer";
				COPY_PHASE_STRIP = NO;
				DEBUG_INFORMATION_FORMAT = dwarf;
				ENABLE_STRICT_OBJC_MSGSEND = YES;
				ENABLE_TESTABILITY = YES;
				GCC_C_LANGUAGE_STANDARD = gnu11;
				GCC_DYNAMIC_NO_PIC = NO;
				GCC_NO_COMMON_BLOCKS = YES;
				GCC_OPTIMIZATION_LEVEL = 0;
				GCC_PREPROCESSOR_DEFINITIONS = (
					"DEBUG=1",
					"$(inherited)",
				);
				GCC_WARN_64_TO_32_BIT_CONVERSION = YES;
				GCC_WARN_ABOUT_RETURN_TYPE = YES_ERROR;
				GCC_WARN_UNDECLARED_SELECTOR = YES;
				GCC_WARN_UNINITIALIZED_AUTOS = YES_AGGRESSIVE;
				GCC_WARN_UNUSED_FUNCTION = YES;
				GCC_WARN_UNUSED_VARIABLE = YES;
				MACOSX_DEPLOYMENT_TARGET = 10.13;
				MTL_ENABLE_DEBUG_INFO = YES;
				ONLY_ACTIVE_ARCH = YES;
				SDKROOT = macosx;
				SWIFT_ACTIVE_COMPILATION_CONDITIONS = DEBUG;
				SWIFT_OPTIMIZATION_LEVEL = "-Onone";
			};
			name = Debug;
		};
		8E4759AC1FD160D0003473F5 /* Release */ = {
			isa = XCBuildConfiguration;
			buildSettings = {
				ALWAYS_SEARCH_USER_PATHS = NO;
				CLANG_ANALYZER_NONNULL = YES;
				CLANG_ANALYZER_NUMBER_OBJECT_CONVERSION = YES_AGGRESSIVE;
				CLANG_CXX_LANGUAGE_STANDARD = "gnu++14";
				CLANG_CXX_LIBRARY = "libc++";
				CLANG_ENABLE_MODULES = YES;
				CLANG_ENABLE_OBJC_ARC = YES;
				CLANG_WARN_BLOCK_CAPTURE_AUTORELEASING = YES;
				CLANG_WARN_BOOL_CONVERSION = YES;
				CLANG_WARN_COMMA = YES;
				CLANG_WARN_CONSTANT_CONVERSION = YES;
				CLANG_WARN_DIRECT_OBJC_ISA_USAGE = YES_ERROR;
				CLANG_WARN_DOCUMENTATION_COMMENTS = YES;
				CLANG_WARN_EMPTY_BODY = YES;
				CLANG_WARN_ENUM_CONVERSION = YES;
				CLANG_WARN_INFINITE_RECURSION = YES;
				CLANG_WARN_INT_CONVERSION = YES;
				CLANG_WARN_NON_LITERAL_NULL_CONVERSION = YES;
				CLANG_WARN_OBJC_LITERAL_CONVERSION = YES;
				CLANG_WARN_OBJC_ROOT_CLASS = YES_ERROR;
				CLANG_WARN_RANGE_LOOP_ANALYSIS = YES;
				CLANG_WARN_STRICT_PROTOTYPES = YES;
				CLANG_WARN_SUSPICIOUS_MOVE = YES;
				CLANG_WARN_UNGUARDED_AVAILABILITY = YES_AGGRESSIVE;
				CLANG_WARN_UNREACHABLE_CODE = YES;
				CLANG_WARN__DUPLICATE_METHOD_MATCH = YES;
				CODE_SIGN_IDENTITY = "Mac Developer";
				COPY_PHASE_STRIP = NO;
				DEBUG_INFORMATION_FORMAT = "dwarf-with-dsym";
				ENABLE_NS_ASSERTIONS = NO;
				ENABLE_STRICT_OBJC_MSGSEND = YES;
				GCC_C_LANGUAGE_STANDARD = gnu11;
				GCC_NO_COMMON_BLOCKS = YES;
				GCC_WARN_64_TO_32_BIT_CONVERSION = YES;
				GCC_WARN_ABOUT_RETURN_TYPE = YES_ERROR;
				GCC_WARN_UNDECLARED_SELECTOR = YES;
				GCC_WARN_UNINITIALIZED_AUTOS = YES_AGGRESSIVE;
				GCC_WARN_UNUSED_FUNCTION = YES;
				GCC_WARN_UNUSED_VARIABLE = YES;
				MACOSX_DEPLOYMENT_TARGET = 10.13;
				MTL_ENABLE_DEBUG_INFO = NO;
				SDKROOT = macosx;
				SWIFT_OPTIMIZATION_LEVEL = "-Owholemodule";
			};
			name = Release;
		};
		8E4759AE1FD160D0003473F5 /* Debug */ = {
			isa = XCBuildConfiguration;
			buildSettings = {
				ASSETCATALOG_COMPILER_APPICON_NAME = AppIcon;
				CODE_SIGN_ENTITLEMENTS = "GraphNodeView(mac)/GraphNodeView.entitlements";
				CODE_SIGN_STYLE = Automatic;
				COMBINE_HIDPI_IMAGES = YES;
				DEVELOPMENT_TEAM = V82658887T;
				INFOPLIST_FILE = "GraphNodeView(mac)/Info.plist";
				LD_RUNPATH_SEARCH_PATHS = "$(inherited) @executable_path/../Frameworks";
				MACOSX_DEPLOYMENT_TARGET = 10.12;
				PRODUCT_BUNDLE_IDENTIFIER = giantwow.GraphNodeView;
				PRODUCT_NAME = "$(TARGET_NAME)";
				SWIFT_VERSION = 4.0;
			};
			name = Debug;
		};
		8E4759AF1FD160D0003473F5 /* Release */ = {
			isa = XCBuildConfiguration;
			buildSettings = {
				ASSETCATALOG_COMPILER_APPICON_NAME = AppIcon;
				CODE_SIGN_ENTITLEMENTS = "GraphNodeView(mac)/GraphNodeView.entitlements";
				CODE_SIGN_STYLE = Automatic;
				COMBINE_HIDPI_IMAGES = YES;
				DEVELOPMENT_TEAM = V82658887T;
				INFOPLIST_FILE = "GraphNodeView(mac)/Info.plist";
				LD_RUNPATH_SEARCH_PATHS = "$(inherited) @executable_path/../Frameworks";
				MACOSX_DEPLOYMENT_TARGET = 10.12;
				PRODUCT_BUNDLE_IDENTIFIER = giantwow.GraphNodeView;
				PRODUCT_NAME = "$(TARGET_NAME)";
				SWIFT_VERSION = 4.0;
			};
			name = Release;
		};
		F60AC5411FD18C3E008793E2 /* Debug */ = {
			isa = XCBuildConfiguration;
			buildSettings = {
				ASSETCATALOG_COMPILER_APPICON_NAME = AppIcon;
				CODE_SIGN_IDENTITY = "iPhone Developer";
				CODE_SIGN_STYLE = Automatic;
				DEVELOPMENT_TEAM = V82658887T;
				INFOPLIST_FILE = "GraphNodeView(iOS)/Info.plist";
				IPHONEOS_DEPLOYMENT_TARGET = 9.0;
				LD_RUNPATH_SEARCH_PATHS = "$(inherited) @executable_path/Frameworks";
				PRODUCT_BUNDLE_IDENTIFIER = "giantwow.GraphNodeView-iOS-";
				PRODUCT_NAME = "$(TARGET_NAME)";
				SDKROOT = iphoneos;
				SWIFT_VERSION = 4.0;
				TARGETED_DEVICE_FAMILY = "1,2";
			};
			name = Debug;
		};
		F60AC5421FD18C3E008793E2 /* Release */ = {
			isa = XCBuildConfiguration;
			buildSettings = {
				ASSETCATALOG_COMPILER_APPICON_NAME = AppIcon;
				CODE_SIGN_IDENTITY = "iPhone Developer";
				CODE_SIGN_STYLE = Automatic;
				DEVELOPMENT_TEAM = V82658887T;
				INFOPLIST_FILE = "GraphNodeView(iOS)/Info.plist";
				IPHONEOS_DEPLOYMENT_TARGET = 9.0;
				LD_RUNPATH_SEARCH_PATHS = "$(inherited) @executable_path/Frameworks";
				PRODUCT_BUNDLE_IDENTIFIER = "giantwow.GraphNodeView-iOS-";
				PRODUCT_NAME = "$(TARGET_NAME)";
				SDKROOT = iphoneos;
				SWIFT_VERSION = 4.0;
				TARGETED_DEVICE_FAMILY = "1,2";
				VALIDATE_PRODUCT = YES;
			};
			name = Release;
		};
/* End XCBuildConfiguration section */

/* Begin XCConfigurationList section */
		8E4759821FD160D0003473F5 /* Build configuration list for PBXProject "GraphNodeView" */ = {
			isa = XCConfigurationList;
			buildConfigurations = (
				8E4759AB1FD160D0003473F5 /* Debug */,
				8E4759AC1FD160D0003473F5 /* Release */,
			);
			defaultConfigurationIsVisible = 0;
			defaultConfigurationName = Release;
		};
		8E4759AD1FD160D0003473F5 /* Build configuration list for PBXNativeTarget "GraphNodeView(mac)" */ = {
			isa = XCConfigurationList;
			buildConfigurations = (
				8E4759AE1FD160D0003473F5 /* Debug */,
				8E4759AF1FD160D0003473F5 /* Release */,
			);
			defaultConfigurationIsVisible = 0;
			defaultConfigurationName = Release;
		};
		F60AC5401FD18C3E008793E2 /* Build configuration list for PBXNativeTarget "GraphNodeView(iOS)" */ = {
			isa = XCConfigurationList;
			buildConfigurations = (
				F60AC5411FD18C3E008793E2 /* Debug */,
				F60AC5421FD18C3E008793E2 /* Release */,
			);
			defaultConfigurationIsVisible = 0;
			defaultConfigurationName = Release;
		};
/* End XCConfigurationList section */
	};
	rootObject = 8E47597F1FD160D0003473F5 /* Project object */;
}
